
Microsoft Visual Studio Solution File, Format Version 12.00
# Visual Studio Version 17
VisualStudioVersion = 17.1.32210.238
MinimumVisualStudioVersion = 10.0.40219.1
Project("{FAE04EC0-301F-11D3-BF4B-00C04F79EFBC}") = "ConsoleApp2", "ConsoleApp2\ConsoleApp2.csproj", "{65017BD0-DACF-40F4-91CE-68185D64F460}"
EndProject
Global
	GlobalSection(SolutionConfigurationPlatforms) = preSolution
		Debug|Any CPU = Debug|Any CPU
		Release|Any CPU = Release|Any CPU
	EndGlobalSection
	GlobalSection(ProjectConfigurationPlatforms) = postSolution
		{65017BD0-DACF-40F4-91CE-68185D64F460}.Debug|Any CPU.ActiveCfg = Debug|Any CPU
		{65017BD0-DACF-40F4-91CE-68185D64F460}.Debug|Any CPU.Build.0 = Debug|Any CPU
		{65017BD0-DACF-40F4-91CE-68185D64F460}.Release|Any CPU.ActiveCfg = Release|Any CPU
		{65017BD0-DACF-40F4-91CE-68185D64F460}.Release|Any CPU.Build.0 = Release|Any CPU
	EndGlobalSection
	GlobalSection(SolutionProperties) = preSolution
		HideSolutionNode = FALSE
	EndGlobalSection
	GlobalSection(ExtensibilityGlobals) = postSolution
		SolutionGuid = {0E0A785B-5309-4C42-A322-2BA54FE6A80B}
	EndGlobalSection
EndGlobal
